
Microsoft Visual Studio Solution File, Format Version 12.00
# Visual Studio 15
VisualStudioVersion = 15.0.26228.9
MinimumVisualStudioVersion = 10.0.40219.1
Project("{9A19103F-16F7-4668-BE54-9A1E7A4F7556}") = "PFS.Server", "PFS.Server\PFS.Server.csproj", "{128CBE3A-D477-45D3-BDED-62ED08F78B10}"
EndProject
Project("{9A19103F-16F7-4668-BE54-9A1E7A4F7556}") = "PFS.Server.Admin", "PFS.Server.Admin\PFS.Server.Admin.csproj", "{14BDA0CC-960B-4182-8FC2-CC6892DC08FB}"
EndProject
Project("{D954291E-2A0B-460D-934E-DC6B0785DB48}") = "PFS.Server.Core", "..\PFS.Server.Core\PFS.Server.Core.shproj", "{CC5C1381-BC5D-4E19-80C1-9F21A763B6EE}"
EndProject
Project("{9A19103F-16F7-4668-BE54-9A1E7A4F7556}") = "PFS.Server.JobsManager", "PFS.Server.JobsManager\PFS.Server.JobsManager.csproj", "{A5FFEA26-3C36-400B-ACCA-0242FA2DCE25}"
EndProject
Global
	GlobalSection(SharedMSBuildProjectFiles) = preSolution
		..\PFS.Server.Core\PFS.Server.Core.projitems*{cc5c1381-bc5d-4e19-80c1-9f21a763b6ee}*SharedItemsImports = 13
	EndGlobalSection
	GlobalSection(SolutionConfigurationPlatforms) = preSolution
		Debug|Any CPU = Debug|Any CPU
		Release|Any CPU = Release|Any CPU
	EndGlobalSection
	GlobalSection(ProjectConfigurationPlatforms) = postSolution
		{128CBE3A-D477-45D3-BDED-62ED08F78B10}.Debug|Any CPU.ActiveCfg = Debug|Any CPU
		{128CBE3A-D477-45D3-BDED-62ED08F78B10}.Debug|Any CPU.Build.0 = Debug|Any CPU
		{128CBE3A-D477-45D3-BDED-62ED08F78B10}.Release|Any CPU.ActiveCfg = Release|Any CPU
		{128CBE3A-D477-45D3-BDED-62ED08F78B10}.Release|Any CPU.Build.0 = Release|Any CPU
		{14BDA0CC-960B-4182-8FC2-CC6892DC08FB}.Debug|Any CPU.ActiveCfg = Debug|Any CPU
		{14BDA0CC-960B-4182-8FC2-CC6892DC08FB}.Debug|Any CPU.Build.0 = Debug|Any CPU
		{14BDA0CC-960B-4182-8FC2-CC6892DC08FB}.Release|Any CPU.ActiveCfg = Release|Any CPU
		{14BDA0CC-960B-4182-8FC2-CC6892DC08FB}.Release|Any CPU.Build.0 = Release|Any CPU
		{A5FFEA26-3C36-400B-ACCA-0242FA2DCE25}.Debug|Any CPU.ActiveCfg = Debug|Any CPU
		{A5FFEA26-3C36-400B-ACCA-0242FA2DCE25}.Debug|Any CPU.Build.0 = Debug|Any CPU
		{A5FFEA26-3C36-400B-ACCA-0242FA2DCE25}.Release|Any CPU.ActiveCfg = Release|Any CPU
		{A5FFEA26-3C36-400B-ACCA-0242FA2DCE25}.Release|Any CPU.Build.0 = Release|Any CPU
	EndGlobalSection
	GlobalSection(SolutionProperties) = preSolution
		HideSolutionNode = FALSE
	EndGlobalSection
EndGlobal
