
Microsoft Visual Studio Solution File, Format Version 12.00
# Visual Studio 14
VisualStudioVersion = 14.0.25420.1
MinimumVisualStudioVersion = 10.0.40219.1
Project("{FAE04EC0-301F-11D3-BF4B-00C04F79EFBC}") = "PFS.Server", "PFS.Server\PFS.Server.csproj", "{792C24FA-DCC2-4150-A7DD-8567673E3C73}"
EndProject
Project("{FAE04EC0-301F-11D3-BF4B-00C04F79EFBC}") = "PFS.Server.Admin", "PFS.Server.Admin\PFS.Server.Admin.csproj", "{74CC1E24-B36E-4E92-AAF3-3F4347FCA1F9}"
EndProject
Project("{D954291E-2A0B-460D-934E-DC6B0785DB48}") = "PFS.Server.Core", "..\PFS.Server.Core\PFS.Server.Core.shproj", "{CC5C1381-BC5D-4E19-80C1-9F21A763B6EE}"
EndProject
Global
	GlobalSection(SharedMSBuildProjectFiles) = preSolution
		..\PFS.Server.Core\PFS.Server.Core.projitems*{74cc1e24-b36e-4e92-aaf3-3f4347fca1f9}*SharedItemsImports = 4
		..\PFS.Server.Core\PFS.Server.Core.projitems*{792c24fa-dcc2-4150-a7dd-8567673e3c73}*SharedItemsImports = 4
		..\PFS.Server.Core\PFS.Server.Core.projitems*{cc5c1381-bc5d-4e19-80c1-9f21a763b6ee}*SharedItemsImports = 13
	EndGlobalSection
	GlobalSection(SolutionConfigurationPlatforms) = preSolution
		Debug|Any CPU = Debug|Any CPU
		Release|Any CPU = Release|Any CPU
	EndGlobalSection
	GlobalSection(ProjectConfigurationPlatforms) = postSolution
		{792C24FA-DCC2-4150-A7DD-8567673E3C73}.Debug|Any CPU.ActiveCfg = Debug|Any CPU
		{792C24FA-DCC2-4150-A7DD-8567673E3C73}.Debug|Any CPU.Build.0 = Debug|Any CPU
		{792C24FA-DCC2-4150-A7DD-8567673E3C73}.Release|Any CPU.ActiveCfg = Release|Any CPU
		{792C24FA-DCC2-4150-A7DD-8567673E3C73}.Release|Any CPU.Build.0 = Release|Any CPU
		{74CC1E24-B36E-4E92-AAF3-3F4347FCA1F9}.Debug|Any CPU.ActiveCfg = Debug|Any CPU
		{74CC1E24-B36E-4E92-AAF3-3F4347FCA1F9}.Debug|Any CPU.Build.0 = Debug|Any CPU
		{74CC1E24-B36E-4E92-AAF3-3F4347FCA1F9}.Release|Any CPU.ActiveCfg = Release|Any CPU
		{74CC1E24-B36E-4E92-AAF3-3F4347FCA1F9}.Release|Any CPU.Build.0 = Release|Any CPU
	EndGlobalSection
	GlobalSection(SolutionProperties) = preSolution
		HideSolutionNode = FALSE
	EndGlobalSection
EndGlobal
